
Microsoft Visual Studio Solution File, Format Version 12.00
# Visual Studio Version 17
VisualStudioVersion = 17.14.36401.2 d17.14
MinimumVisualStudioVersion = 10.0.40219.1
Project("{FAE04EC0-301F-11D3-BF4B-00C04F79EFBC}") = "WebApplicationPods", "WebApplicationPods\WebApplicationPods.csproj", "{B32FCBF0-5E42-4D8A-ABDD-6A7439676625}"
EndProject
Global
	GlobalSection(SolutionConfigurationPlatforms) = preSolution
		Debug|Any CPU = Debug|Any CPU
		Release|Any CPU = Release|Any CPU
	EndGlobalSection
	GlobalSection(ProjectConfigurationPlatforms) = postSolution
		{B32FCBF0-5E42-4D8A-ABDD-6A7439676625}.Debug|Any CPU.ActiveCfg = Debug|Any CPU
		{B32FCBF0-5E42-4D8A-ABDD-6A7439676625}.Debug|Any CPU.Build.0 = Debug|Any CPU
		{B32FCBF0-5E42-4D8A-ABDD-6A7439676625}.Release|Any CPU.ActiveCfg = Release|Any CPU
		{B32FCBF0-5E42-4D8A-ABDD-6A7439676625}.Release|Any CPU.Build.0 = Release|Any CPU
	EndGlobalSection
	GlobalSection(SolutionProperties) = preSolution
		HideSolutionNode = FALSE
	EndGlobalSection
	GlobalSection(ExtensibilityGlobals) = postSolution
		SolutionGuid = {3EDAD675-5CAA-413A-B003-70650A17674E}
	EndGlobalSection
EndGlobal
